// !$*UTF8*$!
{
	archiveVersion = 1;
	classes = {
	};
	objectVersion = 77;
	objects = {

/* Begin PBXBuildFile section */
		0126B950870EE79209996C5E /* AVRadioCountry.swift in Sources */ = {isa = PBXBuildFile; fileRef = CB9F1237B3EEA042F91D4D8A /* AVRadioCountry.swift */; };
		06F16846E351934585748EFC /* EntitlementService.swift in Sources */ = {isa = PBXBuildFile; fileRef = EE6F2F79ED94B45EA7DA7D12 /* EntitlementService.swift */; };
		09D875E93270F39DD13FFF68 /* AudioPlayerService.swift in Sources */ = {isa = PBXBuildFile; fileRef = 3C2CA340D36ED0E45D9E5DD4 /* AudioPlayerService.swift */; };
		0C799CBD3726544A4D341687 /* AvradioApp.swift in Sources */ = {isa = PBXBuildFile; fileRef = 4F77065AA29100C9F1C79A16 /* AvradioApp.swift */; };
		0E0EB0EF7C1C18EDA96B4BA9 /* AVRadioTrackMetadata.swift in Sources */ = {isa = PBXBuildFile; fileRef = 7A55A6FBEBE79D0D1639C962 /* AVRadioTrackMetadata.swift */; };
		0E1CC3B20DE4C12661192283 /* AVRadioEighties80sNowPlaying.swift in Sources */ = {isa = PBXBuildFile; fileRef = 2F77F48694D520C36E611E45 /* AVRadioEighties80sNowPlaying.swift */; };
		0EA536E51B9C6A55C13DF752 /* SearchQueueUITests.swift in Sources */ = {isa = PBXBuildFile; fileRef = BC094A093EFF7ABFF788955E /* SearchQueueUITests.swift */; };
		1211EF9FF32376215FD68F51 /* ShellChromeViews.swift in Sources */ = {isa = PBXBuildFile; fileRef = 22F23CFECE9B4BD12655FE68 /* ShellChromeViews.swift */; };
		180F8E48A3E6675B2AFA0129 /* LaunchContext.swift in Sources */ = {isa = PBXBuildFile; fileRef = B897706C593D8F3BEC5CE5EC /* LaunchContext.swift */; };
		1DFAF30F93394403643109BD /* MiniPlayerView.swift in Sources */ = {isa = PBXBuildFile; fileRef = BDE602D029FF80028FA7B01F /* MiniPlayerView.swift */; };
		1E99EC0A3AE4FCEF48807340 /* AVAppsAPIClient.swift in Sources */ = {isa = PBXBuildFile; fileRef = 22222D9C6C6F7ABAF8EB7626 /* AVAppsAPIClient.swift */; };
		1F7CEF563A71B7B47F161E97 /* StationService.swift in Sources */ = {isa = PBXBuildFile; fileRef = FE8B90DE206EB81665E13922 /* StationService.swift */; };
		2283DE9C92A3EFCE44E1631C /* ClerkKit in Frameworks */ = {isa = PBXBuildFile; productRef = F17C3145DAD23B00F9300C1B /* ClerkKit */; };
		28F365CC26C9AA05C559EAB9 /* AccessMode.swift in Sources */ = {isa = PBXBuildFile; fileRef = 31A3125C9DDEE5B453F6A1EF /* AccessMode.swift */; };
		2B2F3E8040E1C1EDC55FEC7A /* AVRadioStationService.swift in Sources */ = {isa = PBXBuildFile; fileRef = FA270C6E2E050B7A9C7E6BDF /* AVRadioStationService.swift */; };
		30F006EC0228E92B0B692765 /* AVRadioText.swift in Sources */ = {isa = PBXBuildFile; fileRef = BF06E8B543FBF9303DB1A2FB /* AVRadioText.swift */; };
		328AA80E680681C056D5C1C8 /* NowPlayingService.swift in Sources */ = {isa = PBXBuildFile; fileRef = 9E81974F9073EE03756AAA42 /* NowPlayingService.swift */; };
		32BE2CAB7BC4820907408472 /* AVRadioDateCoding.swift in Sources */ = {isa = PBXBuildFile; fileRef = 14075907EF423B605398129E /* AVRadioDateCoding.swift */; };
		36B0C9480D52616C1E761C3C /* AuthOnboardingView.swift in Sources */ = {isa = PBXBuildFile; fileRef = 3CCB441C7FFA5D9D6094E8A8 /* AuthOnboardingView.swift */; };
		36CE732939A106FAF37965EB /* PersistenceController.swift in Sources */ = {isa = PBXBuildFile; fileRef = 08ADAC84C439464C73FD306E /* PersistenceController.swift */; };
		39582C64371A315F8CAAB495 /* HomeRefreshUITests.swift in Sources */ = {isa = PBXBuildFile; fileRef = D557ED627719061DAC1D0085 /* HomeRefreshUITests.swift */; };
		3E668C9CA128B73F1F85CF97 /* SharedAppleSupportTests.swift in Sources */ = {isa = PBXBuildFile; fileRef = 05916A66FBCD64BAFD48BFB5 /* SharedAppleSupportTests.swift */; };
		43ED8BA579025206691FAC1A /* AVRadioExternalSearchURL.swift in Sources */ = {isa = PBXBuildFile; fileRef = 67B144B661514214AA47BC7C /* AVRadioExternalSearchURL.swift */; };
		4D4C2A1C9F9D43E0A96112B7 /* LibraryStoreTests.swift in Sources */ = {isa = PBXBuildFile; fileRef = 4D4C2A1B9F9D43E0A96112B7 /* LibraryStoreTests.swift */; };
		51C73A8FA4963E37C592B046 /* ProfileUITests.swift in Sources */ = {isa = PBXBuildFile; fileRef = 0644A16C8AC43085774A0629 /* ProfileUITests.swift */; };
		51CE379CFC22F600026763D4 /* AVAppsAccountService.swift in Sources */ = {isa = PBXBuildFile; fileRef = 863EE791000F20A74E2CE014 /* AVAppsAccountService.swift */; };
		52E8BFEB422EA8213DDA85CB /* AvradioUITestCase.swift in Sources */ = {isa = PBXBuildFile; fileRef = 5975BBCAC364A805BA73B41F /* AvradioUITestCase.swift */; };
		5643A09C70B5B09760A9EF0A /* RootView.swift in Sources */ = {isa = PBXBuildFile; fileRef = 2A81D2EE988CE3B964C6E2E1 /* RootView.swift */; };
		60F452258FE22FCB671DB640 /* AccessLimitsTests.swift in Sources */ = {isa = PBXBuildFile; fileRef = BFBA473200A46F0FAD5F4754 /* AccessLimitsTests.swift */; };
		6CF4068D6610786625AD6913 /* AVRadioDiscoveredTrackSupport.swift in Sources */ = {isa = PBXBuildFile; fileRef = 137827AF48AF789C60DC2ECC /* AVRadioDiscoveredTrackSupport.swift */; };
		731447638947886F19425B60 /* ClerkKitUI in Frameworks */ = {isa = PBXBuildFile; productRef = E1F052422F5AB9B037F306BF /* ClerkKitUI */; };
		7AEAEF5CE8E9E4837D9552E8 /* AvradioSplashView.swift in Sources */ = {isa = PBXBuildFile; fileRef = C92EF66FF0B954E444248B80 /* AvradioSplashView.swift */; };
		7C6BE9FAA388A9D589FAAE2F /* AVRadioAppDataService.swift in Sources */ = {isa = PBXBuildFile; fileRef = BB8D00A7BFD966ADBB4C63D1 /* AVRadioAppDataService.swift */; };
		7DF7D854F244258532E4AA78 /* AppConfig.swift in Sources */ = {isa = PBXBuildFile; fileRef = F6532FECDD1FED2117D65F45 /* AppConfig.swift */; };
		8A3890458DEB15E61E43CCA0 /* Localizable.strings in Resources */ = {isa = PBXBuildFile; fileRef = 660122FCDABDC467AF9E4B75 /* Localizable.strings */; };
		8C602D718EA8E4901BEC5C17 /* AppShellTab.swift in Sources */ = {isa = PBXBuildFile; fileRef = 2DD6539B6B17562C311A3A55 /* AppShellTab.swift */; };
		916DCB42EFFE8833CE087CCB /* LibraryStore.swift in Sources */ = {isa = PBXBuildFile; fileRef = 1599C4A37FF6F3C0CD8402FD /* LibraryStore.swift */; };
		A0F80C9A9AAD44CEEAD4D9C9 /* AppShellView.swift in Sources */ = {isa = PBXBuildFile; fileRef = 9963A1C1E14528B4564B0429 /* AppShellView.swift */; };
		A3544B62F7BBD9430B8C1B1A /* Assets.xcassets in Resources */ = {isa = PBXBuildFile; fileRef = DCE0A0330B23768F9B796D89 /* Assets.xcassets */; };
		A63F3687E9933ECC0917A357 /* PlayerQueueUITests.swift in Sources */ = {isa = PBXBuildFile; fileRef = 2D512F4A2A2C553F8C7DC177 /* PlayerQueueUITests.swift */; };
		A796D60659D97FAEDB227176 /* AppShellHomeFeed.swift in Sources */ = {isa = PBXBuildFile; fileRef = 3F8B45383C7D7EEE8E16EF23 /* AppShellHomeFeed.swift */; };
		A874D995B8D76BD25F091F2E /* StationDetailQueueUITests.swift in Sources */ = {isa = PBXBuildFile; fileRef = 3DFD8C94C7BA46B88FBF60DA /* StationDetailQueueUITests.swift */; };
		AA806E6147179B4E5FE845F0 /* AVRadioCollectionRules.swift in Sources */ = {isa = PBXBuildFile; fileRef = 52FE1B5444E93E5CC5C58028 /* AVRadioCollectionRules.swift */; };
		AF4C9BB353A832A74E9620AB /* AccessController.swift in Sources */ = {isa = PBXBuildFile; fileRef = 850B0F51DE8B45597DDA0079 /* AccessController.swift */; };
		AFD966F470E78D854C1D0997 /* AVRadioLibrarySync.swift in Sources */ = {isa = PBXBuildFile; fileRef = C7C36C685A2427F4A7416D4E /* AVRadioLibrarySync.swift */; };
		B0F4EF08F471979C55B127CE /* StationArtworkView.swift in Sources */ = {isa = PBXBuildFile; fileRef = DD59F5C58CDA836BE0C2F465 /* StationArtworkView.swift */; };
		B5DD991407F22700885E9BDB /* NowPlayingView.swift in Sources */ = {isa = PBXBuildFile; fileRef = 399FF821B26BEC48DCA0C37E /* NowPlayingView.swift */; };
		BCC64DC73CB9E711E679DDA4 /* AppShellSearch.swift in Sources */ = {isa = PBXBuildFile; fileRef = 0EEB7C2901DB1EB5E13D6DAD /* AppShellSearch.swift */; };
		C249B270C53A6F4402B5A8A5 /* AVRadioTrackArtworkService.swift in Sources */ = {isa = PBXBuildFile; fileRef = 8AF604F96A1B03E806A3267B /* AVRadioTrackArtworkService.swift */; };
		C4FE3FB819134133756C9CAC /* AppShellMusicLibrary.swift in Sources */ = {isa = PBXBuildFile; fileRef = 4FDD3C47C372011383FE599B /* AppShellMusicLibrary.swift */; };
		C6C8E5544E478350A479BA51 /* TrackArtworkService.swift in Sources */ = {isa = PBXBuildFile; fileRef = 5E6F367B3C242F23358C3481 /* TrackArtworkService.swift */; };
		CBDEEF00C656921EC3F43657 /* AVRadioAccessPolicy.swift in Sources */ = {isa = PBXBuildFile; fileRef = A2AF29ABCE7222B639486127 /* AVRadioAccessPolicy.swift */; };
		D9BD317D031267C3579E1AB0 /* AvradioTheme.swift in Sources */ = {isa = PBXBuildFile; fileRef = C016C1DBED538A066A92DC60 /* AvradioTheme.swift */; };
		DD3AC279849D5316CC602250 /* L10n.swift in Sources */ = {isa = PBXBuildFile; fileRef = D574F10DE15A78E8B706AC58 /* L10n.swift */; };
		E395E769F7F68011264A88A1 /* Station.swift in Sources */ = {isa = PBXBuildFile; fileRef = D2D896B7DFEF73E858D65B8D /* Station.swift */; };
		E8DB3856CEFAE45454EBAF6F /* MusicDiscoveryViews.swift in Sources */ = {isa = PBXBuildFile; fileRef = 1146CB13D6A0D8D1321E1E7D /* MusicDiscoveryViews.swift */; };
		E9E9B9428B72579C7CFC5DDD /* InAppBrowserView.swift in Sources */ = {isa = PBXBuildFile; fileRef = 742BB71F49A27AA9014E9462 /* InAppBrowserView.swift */; };
		EA05A24B2F7AFF93E7534B7D /* ProfileScreen.swift in Sources */ = {isa = PBXBuildFile; fileRef = 2B1068AF59C71A5453058D86 /* ProfileScreen.swift */; };
		EE0995F84551EFB3C9C412BE /* HomeUITests.swift in Sources */ = {isa = PBXBuildFile; fileRef = E1D079A9F075D1A27C4F4EDE /* HomeUITests.swift */; };
		F344E49B1C7A1C29D3886467 /* AVRadioStation.swift in Sources */ = {isa = PBXBuildFile; fileRef = 309B3CD134A3773742CBBDD3 /* AVRadioStation.swift */; };
		F3909C353F2641867B42B11E /* DiscoveriesUITests.swift in Sources */ = {isa = PBXBuildFile; fileRef = 48C8E7493193B9FA193164E0 /* DiscoveriesUITests.swift */; };
		F78F8A98D39907FACD7BF269 /* AppShellNowPlayingPreviews.swift in Sources */ = {isa = PBXBuildFile; fileRef = CE3C854D8A9A0DEB75377DBB /* AppShellNowPlayingPreviews.swift */; };
		FC4A61253D954CA8938AD67D /* LimitsUITests.swift in Sources */ = {isa = PBXBuildFile; fileRef = C74B701737B69E4FE26007D4 /* LimitsUITests.swift */; };
		FD2CB2B4D42D97825E9A929C /* HomeEmptyStateUITests.swift in Sources */ = {isa = PBXBuildFile; fileRef = B6D9CAA15891A8D026894BBB /* HomeEmptyStateUITests.swift */; };
/* End PBXBuildFile section */

/* Begin PBXContainerItemProxy section */
		274E8C2589BA056051A9CD19 /* PBXContainerItemProxy */ = {
			isa = PBXContainerItemProxy;
			containerPortal = 1E50635D2629DAD7374CBFDE /* Project object */;
			proxyType = 1;
			remoteGlobalIDString = D01DB292991CE2CFDF807431;
			remoteInfo = Avradio;
		};
		8F3C37C69E089D3A933D62FD /* PBXContainerItemProxy */ = {
			isa = PBXContainerItemProxy;
			containerPortal = 1E50635D2629DAD7374CBFDE /* Project object */;
			proxyType = 1;
			remoteGlobalIDString = D01DB292991CE2CFDF807431;
			remoteInfo = Avradio;
		};
/* End PBXContainerItemProxy section */

/* Begin PBXFileReference section */
		05916A66FBCD64BAFD48BFB5 /* SharedAppleSupportTests.swift */ = {isa = PBXFileReference; lastKnownFileType = sourcecode.swift; path = SharedAppleSupportTests.swift; sourceTree = "<group>"; };
		0644A16C8AC43085774A0629 /* ProfileUITests.swift */ = {isa = PBXFileReference; lastKnownFileType = sourcecode.swift; path = ProfileUITests.swift; sourceTree = "<group>"; };
		08ADAC84C439464C73FD306E /* PersistenceController.swift */ = {isa = PBXFileReference; lastKnownFileType = sourcecode.swift; path = PersistenceController.swift; sourceTree = "<group>"; };
		0EEB7C2901DB1EB5E13D6DAD /* AppShellSearch.swift */ = {isa = PBXFileReference; lastKnownFileType = sourcecode.swift; path = AppShellSearch.swift; sourceTree = "<group>"; };
		1146CB13D6A0D8D1321E1E7D /* MusicDiscoveryViews.swift */ = {isa = PBXFileReference; lastKnownFileType = sourcecode.swift; path = MusicDiscoveryViews.swift; sourceTree = "<group>"; };
		137827AF48AF789C60DC2ECC /* AVRadioDiscoveredTrackSupport.swift */ = {isa = PBXFileReference; lastKnownFileType = sourcecode.swift; path = AVRadioDiscoveredTrackSupport.swift; sourceTree = "<group>"; };
		14075907EF423B605398129E /* AVRadioDateCoding.swift */ = {isa = PBXFileReference; lastKnownFileType = sourcecode.swift; path = AVRadioDateCoding.swift; sourceTree = "<group>"; };
		1599C4A37FF6F3C0CD8402FD /* LibraryStore.swift */ = {isa = PBXFileReference; lastKnownFileType = sourcecode.swift; path = LibraryStore.swift; sourceTree = "<group>"; };
		22222D9C6C6F7ABAF8EB7626 /* AVAppsAPIClient.swift */ = {isa = PBXFileReference; lastKnownFileType = sourcecode.swift; path = AVAppsAPIClient.swift; sourceTree = "<group>"; };
		22F23CFECE9B4BD12655FE68 /* ShellChromeViews.swift */ = {isa = PBXFileReference; lastKnownFileType = sourcecode.swift; path = ShellChromeViews.swift; sourceTree = "<group>"; };
		288A6542E099CBD9A4FC8BFF /* Info.plist */ = {isa = PBXFileReference; lastKnownFileType = text.plist; path = Info.plist; sourceTree = "<group>"; };
		2A81D2EE988CE3B964C6E2E1 /* RootView.swift */ = {isa = PBXFileReference; lastKnownFileType = sourcecode.swift; path = RootView.swift; sourceTree = "<group>"; };
		2B1068AF59C71A5453058D86 /* ProfileScreen.swift */ = {isa = PBXFileReference; lastKnownFileType = sourcecode.swift; path = ProfileScreen.swift; sourceTree = "<group>"; };
		2D512F4A2A2C553F8C7DC177 /* PlayerQueueUITests.swift */ = {isa = PBXFileReference; lastKnownFileType = sourcecode.swift; path = PlayerQueueUITests.swift; sourceTree = "<group>"; };
		2DD6539B6B17562C311A3A55 /* AppShellTab.swift */ = {isa = PBXFileReference; lastKnownFileType = sourcecode.swift; path = AppShellTab.swift; sourceTree = "<group>"; };
		2F77F48694D520C36E611E45 /* AVRadioEighties80sNowPlaying.swift */ = {isa = PBXFileReference; lastKnownFileType = sourcecode.swift; path = AVRadioEighties80sNowPlaying.swift; sourceTree = "<group>"; };
		309B3CD134A3773742CBBDD3 /* AVRadioStation.swift */ = {isa = PBXFileReference; lastKnownFileType = sourcecode.swift; path = AVRadioStation.swift; sourceTree = "<group>"; };
		31A3125C9DDEE5B453F6A1EF /* AccessMode.swift */ = {isa = PBXFileReference; lastKnownFileType = sourcecode.swift; path = AccessMode.swift; sourceTree = "<group>"; };
		389739796CF8BA5B93D8E7D7 /* Avradio.entitlements */ = {isa = PBXFileReference; lastKnownFileType = text.plist.entitlements; path = Avradio.entitlements; sourceTree = "<group>"; };
		399FF821B26BEC48DCA0C37E /* NowPlayingView.swift */ = {isa = PBXFileReference; lastKnownFileType = sourcecode.swift; path = NowPlayingView.swift; sourceTree = "<group>"; };
		3C2CA340D36ED0E45D9E5DD4 /* AudioPlayerService.swift */ = {isa = PBXFileReference; lastKnownFileType = sourcecode.swift; path = AudioPlayerService.swift; sourceTree = "<group>"; };
		3CCB441C7FFA5D9D6094E8A8 /* AuthOnboardingView.swift */ = {isa = PBXFileReference; lastKnownFileType = sourcecode.swift; path = AuthOnboardingView.swift; sourceTree = "<group>"; };
		3DFD8C94C7BA46B88FBF60DA /* StationDetailQueueUITests.swift */ = {isa = PBXFileReference; lastKnownFileType = sourcecode.swift; path = StationDetailQueueUITests.swift; sourceTree = "<group>"; };
		3F8B45383C7D7EEE8E16EF23 /* AppShellHomeFeed.swift */ = {isa = PBXFileReference; lastKnownFileType = sourcecode.swift; path = AppShellHomeFeed.swift; sourceTree = "<group>"; };
		48C8E7493193B9FA193164E0 /* DiscoveriesUITests.swift */ = {isa = PBXFileReference; lastKnownFileType = sourcecode.swift; path = DiscoveriesUITests.swift; sourceTree = "<group>"; };
		4D4C2A1B9F9D43E0A96112B7 /* LibraryStoreTests.swift */ = {isa = PBXFileReference; lastKnownFileType = sourcecode.swift; path = LibraryStoreTests.swift; sourceTree = "<group>"; };
		4F77065AA29100C9F1C79A16 /* AvradioApp.swift */ = {isa = PBXFileReference; lastKnownFileType = sourcecode.swift; path = AvradioApp.swift; sourceTree = "<group>"; };
		4FDD3C47C372011383FE599B /* AppShellMusicLibrary.swift */ = {isa = PBXFileReference; lastKnownFileType = sourcecode.swift; path = AppShellMusicLibrary.swift; sourceTree = "<group>"; };
		52FE1B5444E93E5CC5C58028 /* AVRadioCollectionRules.swift */ = {isa = PBXFileReference; lastKnownFileType = sourcecode.swift; path = AVRadioCollectionRules.swift; sourceTree = "<group>"; };
		5975BBCAC364A805BA73B41F /* AvradioUITestCase.swift */ = {isa = PBXFileReference; lastKnownFileType = sourcecode.swift; path = AvradioUITestCase.swift; sourceTree = "<group>"; };
		5E6F367B3C242F23358C3481 /* TrackArtworkService.swift */ = {isa = PBXFileReference; lastKnownFileType = sourcecode.swift; path = TrackArtworkService.swift; sourceTree = "<group>"; };
		5F8142B9602D1D389AD8DA75 /* en */ = {isa = PBXFileReference; lastKnownFileType = text.plist.strings; name = en; path = en.lproj/Localizable.strings; sourceTree = "<group>"; };
		67B144B661514214AA47BC7C /* AVRadioExternalSearchURL.swift */ = {isa = PBXFileReference; lastKnownFileType = sourcecode.swift; path = AVRadioExternalSearchURL.swift; sourceTree = "<group>"; };
		742BB71F49A27AA9014E9462 /* InAppBrowserView.swift */ = {isa = PBXFileReference; lastKnownFileType = sourcecode.swift; path = InAppBrowserView.swift; sourceTree = "<group>"; };
		7A55A6FBEBE79D0D1639C962 /* AVRadioTrackMetadata.swift */ = {isa = PBXFileReference; lastKnownFileType = sourcecode.swift; path = AVRadioTrackMetadata.swift; sourceTree = "<group>"; };
		850B0F51DE8B45597DDA0079 /* AccessController.swift */ = {isa = PBXFileReference; lastKnownFileType = sourcecode.swift; path = AccessController.swift; sourceTree = "<group>"; };
		863EE791000F20A74E2CE014 /* AVAppsAccountService.swift */ = {isa = PBXFileReference; lastKnownFileType = sourcecode.swift; path = AVAppsAccountService.swift; sourceTree = "<group>"; };
		8AF604F96A1B03E806A3267B /* AVRadioTrackArtworkService.swift */ = {isa = PBXFileReference; lastKnownFileType = sourcecode.swift; path = AVRadioTrackArtworkService.swift; sourceTree = "<group>"; };
		8D480E7102AF804225485A28 /* AvradioTests.xctest */ = {isa = PBXFileReference; includeInIndex = 0; lastKnownFileType = wrapper.cfbundle; path = AvradioTests.xctest; sourceTree = BUILT_PRODUCTS_DIR; };
		8ED913084AC8D906119907F2 /* Debug.xcconfig */ = {isa = PBXFileReference; lastKnownFileType = text.xcconfig; path = Debug.xcconfig; sourceTree = "<group>"; };
		92FD5B14198ADF365BEB0533 /* Release.xcconfig */ = {isa = PBXFileReference; lastKnownFileType = text.xcconfig; path = Release.xcconfig; sourceTree = "<group>"; };
		972A6787B144C38F8D5CC16B /* ca */ = {isa = PBXFileReference; lastKnownFileType = text.plist.strings; name = ca; path = ca.lproj/Localizable.strings; sourceTree = "<group>"; };
		9963A1C1E14528B4564B0429 /* AppShellView.swift */ = {isa = PBXFileReference; lastKnownFileType = sourcecode.swift; path = AppShellView.swift; sourceTree = "<group>"; };
		9E81974F9073EE03756AAA42 /* NowPlayingService.swift */ = {isa = PBXFileReference; lastKnownFileType = sourcecode.swift; path = NowPlayingService.swift; sourceTree = "<group>"; };
		A129EFAD7B127FCE4517F754 /* de */ = {isa = PBXFileReference; lastKnownFileType = text.plist.strings; name = de; path = de.lproj/Localizable.strings; sourceTree = "<group>"; };
		A2AF29ABCE7222B639486127 /* AVRadioAccessPolicy.swift */ = {isa = PBXFileReference; lastKnownFileType = sourcecode.swift; path = AVRadioAccessPolicy.swift; sourceTree = "<group>"; };
		A4D0BF09BB2D82A4D0BEF5CC /* Avradio.app */ = {isa = PBXFileReference; includeInIndex = 0; lastKnownFileType = wrapper.application; path = Avradio.app; sourceTree = BUILT_PRODUCTS_DIR; };
		A98A6A4C267847AE735CFD3D /* AvradioUITests.xctest */ = {isa = PBXFileReference; includeInIndex = 0; lastKnownFileType = wrapper.cfbundle; path = AvradioUITests.xctest; sourceTree = BUILT_PRODUCTS_DIR; };
		B361FC5C1555EDA475F83459 /* LocalSubscriptions.storekit */ = {isa = PBXFileReference; path = LocalSubscriptions.storekit; sourceTree = "<group>"; };
		B6D9CAA15891A8D026894BBB /* HomeEmptyStateUITests.swift */ = {isa = PBXFileReference; lastKnownFileType = sourcecode.swift; path = HomeEmptyStateUITests.swift; sourceTree = "<group>"; };
		B897706C593D8F3BEC5CE5EC /* LaunchContext.swift */ = {isa = PBXFileReference; lastKnownFileType = sourcecode.swift; path = LaunchContext.swift; sourceTree = "<group>"; };
		BB8D00A7BFD966ADBB4C63D1 /* AVRadioAppDataService.swift */ = {isa = PBXFileReference; lastKnownFileType = sourcecode.swift; path = AVRadioAppDataService.swift; sourceTree = "<group>"; };
		BC094A093EFF7ABFF788955E /* SearchQueueUITests.swift */ = {isa = PBXFileReference; lastKnownFileType = sourcecode.swift; path = SearchQueueUITests.swift; sourceTree = "<group>"; };
		BDE602D029FF80028FA7B01F /* MiniPlayerView.swift */ = {isa = PBXFileReference; lastKnownFileType = sourcecode.swift; path = MiniPlayerView.swift; sourceTree = "<group>"; };
		BF06E8B543FBF9303DB1A2FB /* AVRadioText.swift */ = {isa = PBXFileReference; lastKnownFileType = sourcecode.swift; path = AVRadioText.swift; sourceTree = "<group>"; };
		BFBA473200A46F0FAD5F4754 /* AccessLimitsTests.swift */ = {isa = PBXFileReference; lastKnownFileType = sourcecode.swift; path = AccessLimitsTests.swift; sourceTree = "<group>"; };
		C016C1DBED538A066A92DC60 /* AvradioTheme.swift */ = {isa = PBXFileReference; lastKnownFileType = sourcecode.swift; path = AvradioTheme.swift; sourceTree = "<group>"; };
		C74B701737B69E4FE26007D4 /* LimitsUITests.swift */ = {isa = PBXFileReference; lastKnownFileType = sourcecode.swift; path = LimitsUITests.swift; sourceTree = "<group>"; };
		C7C36C685A2427F4A7416D4E /* AVRadioLibrarySync.swift */ = {isa = PBXFileReference; lastKnownFileType = sourcecode.swift; path = AVRadioLibrarySync.swift; sourceTree = "<group>"; };
		C92EF66FF0B954E444248B80 /* AvradioSplashView.swift */ = {isa = PBXFileReference; lastKnownFileType = sourcecode.swift; path = AvradioSplashView.swift; sourceTree = "<group>"; };
		CB9F1237B3EEA042F91D4D8A /* AVRadioCountry.swift */ = {isa = PBXFileReference; lastKnownFileType = sourcecode.swift; path = AVRadioCountry.swift; sourceTree = "<group>"; };
		CE3C854D8A9A0DEB75377DBB /* AppShellNowPlayingPreviews.swift */ = {isa = PBXFileReference; lastKnownFileType = sourcecode.swift; path = AppShellNowPlayingPreviews.swift; sourceTree = "<group>"; };
		CF9C84B8884B01BF507AA9BC /* es */ = {isa = PBXFileReference; lastKnownFileType = text.plist.strings; name = es; path = es.lproj/Localizable.strings; sourceTree = "<group>"; };
		D2D896B7DFEF73E858D65B8D /* Station.swift */ = {isa = PBXFileReference; lastKnownFileType = sourcecode.swift; path = Station.swift; sourceTree = "<group>"; };
		D557ED627719061DAC1D0085 /* HomeRefreshUITests.swift */ = {isa = PBXFileReference; lastKnownFileType = sourcecode.swift; path = HomeRefreshUITests.swift; sourceTree = "<group>"; };
		D574F10DE15A78E8B706AC58 /* L10n.swift */ = {isa = PBXFileReference; lastKnownFileType = sourcecode.swift; path = L10n.swift; sourceTree = "<group>"; };
		D72108AFC70F116E11B6B990 /* fr */ = {isa = PBXFileReference; lastKnownFileType = text.plist.strings; name = fr; path = fr.lproj/Localizable.strings; sourceTree = "<group>"; };
		DCE0A0330B23768F9B796D89 /* Assets.xcassets */ = {isa = PBXFileReference; lastKnownFileType = folder.assetcatalog; path = Assets.xcassets; sourceTree = "<group>"; };
		DD59F5C58CDA836BE0C2F465 /* StationArtworkView.swift */ = {isa = PBXFileReference; lastKnownFileType = sourcecode.swift; path = StationArtworkView.swift; sourceTree = "<group>"; };
		E1D079A9F075D1A27C4F4EDE /* HomeUITests.swift */ = {isa = PBXFileReference; lastKnownFileType = sourcecode.swift; path = HomeUITests.swift; sourceTree = "<group>"; };
		EE6F2F79ED94B45EA7DA7D12 /* EntitlementService.swift */ = {isa = PBXFileReference; lastKnownFileType = sourcecode.swift; path = EntitlementService.swift; sourceTree = "<group>"; };
		F6532FECDD1FED2117D65F45 /* AppConfig.swift */ = {isa = PBXFileReference; lastKnownFileType = sourcecode.swift; path = AppConfig.swift; sourceTree = "<group>"; };
		FA270C6E2E050B7A9C7E6BDF /* AVRadioStationService.swift */ = {isa = PBXFileReference; lastKnownFileType = sourcecode.swift; path = AVRadioStationService.swift; sourceTree = "<group>"; };
		FE8B90DE206EB81665E13922 /* StationService.swift */ = {isa = PBXFileReference; lastKnownFileType = sourcecode.swift; path = StationService.swift; sourceTree = "<group>"; };
/* End PBXFileReference section */

/* Begin PBXFrameworksBuildPhase section */
		DCDF036F76F88BB0C425E0D8 /* Frameworks */ = {
			isa = PBXFrameworksBuildPhase;
			buildActionMask = 2147483647;
			files = (
				2283DE9C92A3EFCE44E1631C /* ClerkKit in Frameworks */,
				731447638947886F19425B60 /* ClerkKitUI in Frameworks */,
			);
			runOnlyForDeploymentPostprocessing = 0;
		};
/* End PBXFrameworksBuildPhase section */

/* Begin PBXGroup section */
		115AFE0CDCF78B98E3320B48 /* apple */ = {
			isa = PBXGroup;
			children = (
				A2AF29ABCE7222B639486127 /* AVRadioAccessPolicy.swift */,
				52FE1B5444E93E5CC5C58028 /* AVRadioCollectionRules.swift */,
				CB9F1237B3EEA042F91D4D8A /* AVRadioCountry.swift */,
				14075907EF423B605398129E /* AVRadioDateCoding.swift */,
				137827AF48AF789C60DC2ECC /* AVRadioDiscoveredTrackSupport.swift */,
				2F77F48694D520C36E611E45 /* AVRadioEighties80sNowPlaying.swift */,
				67B144B661514214AA47BC7C /* AVRadioExternalSearchURL.swift */,
				C7C36C685A2427F4A7416D4E /* AVRadioLibrarySync.swift */,
				309B3CD134A3773742CBBDD3 /* AVRadioStation.swift */,
				FA270C6E2E050B7A9C7E6BDF /* AVRadioStationService.swift */,
				BF06E8B543FBF9303DB1A2FB /* AVRadioText.swift */,
				8AF604F96A1B03E806A3267B /* AVRadioTrackArtworkService.swift */,
				7A55A6FBEBE79D0D1639C962 /* AVRadioTrackMetadata.swift */,
			);
			name = apple;
			path = ../../shared/apple;
			sourceTree = "<group>";
		};
		1640AE856B2CCF633577E3F7 /* AvradioUITests */ = {
			isa = PBXGroup;
			children = (
				5975BBCAC364A805BA73B41F /* AvradioUITestCase.swift */,
				48C8E7493193B9FA193164E0 /* DiscoveriesUITests.swift */,
				B6D9CAA15891A8D026894BBB /* HomeEmptyStateUITests.swift */,
				D557ED627719061DAC1D0085 /* HomeRefreshUITests.swift */,
				E1D079A9F075D1A27C4F4EDE /* HomeUITests.swift */,
				C74B701737B69E4FE26007D4 /* LimitsUITests.swift */,
				2D512F4A2A2C553F8C7DC177 /* PlayerQueueUITests.swift */,
				0644A16C8AC43085774A0629 /* ProfileUITests.swift */,
				BC094A093EFF7ABFF788955E /* SearchQueueUITests.swift */,
				3DFD8C94C7BA46B88FBF60DA /* StationDetailQueueUITests.swift */,
			);
			path = AvradioUITests;
			sourceTree = "<group>";
		};
		1A5FCA50FDAAA9C9BBDAEF52 /* Core */ = {
			isa = PBXGroup;
			children = (
				947A7262AD65DCE264194288 /* Audio */,
				F9C414506AF407B6C874268A /* Networking */,
				57148D191C5FB9825126C6A8 /* Persistence */,
			);
			path = Core;
			sourceTree = "<group>";
		};
		1B3C05F2D687BB42B06E2BA6 = {
			isa = PBXGroup;
			children = (
				115AFE0CDCF78B98E3320B48 /* apple */,
				E9127CBA8FDE165DCE335372 /* Avradio */,
				51F78D8DB89A8A1D836F6B7F /* AvradioTests */,
				1640AE856B2CCF633577E3F7 /* AvradioUITests */,
				DE91B6B91AE823825E34B0B1 /* Config */,
				914E3563049F5B47748CE5F3 /* StoreKit */,
				3EAA71F0FB3D7C7B3382234A /* Products */,
			);
			sourceTree = "<group>";
		};
		1CFC6B4C9A5D3621E19F7697 /* Auth */ = {
			isa = PBXGroup;
			children = (
				3CCB441C7FFA5D9D6094E8A8 /* AuthOnboardingView.swift */,
			);
			path = Auth;
			sourceTree = "<group>";
		};
		2B37C1A75AE500EB1EBE24B1 /* App */ = {
			isa = PBXGroup;
			children = (
				850B0F51DE8B45597DDA0079 /* AccessController.swift */,
				31A3125C9DDEE5B453F6A1EF /* AccessMode.swift */,
				F6532FECDD1FED2117D65F45 /* AppConfig.swift */,
				DCE0A0330B23768F9B796D89 /* Assets.xcassets */,
				863EE791000F20A74E2CE014 /* AVAppsAccountService.swift */,
				22222D9C6C6F7ABAF8EB7626 /* AVAppsAPIClient.swift */,
				389739796CF8BA5B93D8E7D7 /* Avradio.entitlements */,
				4F77065AA29100C9F1C79A16 /* AvradioApp.swift */,
				BB8D00A7BFD966ADBB4C63D1 /* AVRadioAppDataService.swift */,
				C92EF66FF0B954E444248B80 /* AvradioSplashView.swift */,
				EE6F2F79ED94B45EA7DA7D12 /* EntitlementService.swift */,
				288A6542E099CBD9A4FC8BFF /* Info.plist */,
				D574F10DE15A78E8B706AC58 /* L10n.swift */,
				B897706C593D8F3BEC5CE5EC /* LaunchContext.swift */,
				2A81D2EE988CE3B964C6E2E1 /* RootView.swift */,
			);
			path = App;
			sourceTree = "<group>";
		};
		2E66B892D2CF33FA2DB2337A /* Features */ = {
			isa = PBXGroup;
			children = (
				1CFC6B4C9A5D3621E19F7697 /* Auth */,
				8184585047CC2AC285B0B303 /* Player */,
				4E15C90503C4D43243D32139 /* Profile */,
				B0148E0A5928D1732774200B /* Shell */,
			);
			path = Features;
			sourceTree = "<group>";
		};
		3EAA71F0FB3D7C7B3382234A /* Products */ = {
			isa = PBXGroup;
			children = (
				A4D0BF09BB2D82A4D0BEF5CC /* Avradio.app */,
				8D480E7102AF804225485A28 /* AvradioTests.xctest */,
				A98A6A4C267847AE735CFD3D /* AvradioUITests.xctest */,
			);
			name = Products;
			sourceTree = "<group>";
		};
		4E15C90503C4D43243D32139 /* Profile */ = {
			isa = PBXGroup;
			children = (
				2B1068AF59C71A5453058D86 /* ProfileScreen.swift */,
			);
			path = Profile;
			sourceTree = "<group>";
		};
		51F78D8DB89A8A1D836F6B7F /* AvradioTests */ = {
			isa = PBXGroup;
			children = (
				BFBA473200A46F0FAD5F4754 /* AccessLimitsTests.swift */,
				4D4C2A1B9F9D43E0A96112B7 /* LibraryStoreTests.swift */,
				05916A66FBCD64BAFD48BFB5 /* SharedAppleSupportTests.swift */,
			);
			path = AvradioTests;
			sourceTree = "<group>";
		};
		57148D191C5FB9825126C6A8 /* Persistence */ = {
			isa = PBXGroup;
			children = (
				1599C4A37FF6F3C0CD8402FD /* LibraryStore.swift */,
				08ADAC84C439464C73FD306E /* PersistenceController.swift */,
			);
			path = Persistence;
			sourceTree = "<group>";
		};
		8184585047CC2AC285B0B303 /* Player */ = {
			isa = PBXGroup;
			children = (
				399FF821B26BEC48DCA0C37E /* NowPlayingView.swift */,
			);
			path = Player;
			sourceTree = "<group>";
		};
		914E3563049F5B47748CE5F3 /* StoreKit */ = {
			isa = PBXGroup;
			children = (
				B361FC5C1555EDA475F83459 /* LocalSubscriptions.storekit */,
			);
			name = StoreKit;
			path = Config/StoreKit;
			sourceTree = "<group>";
		};
		947A7262AD65DCE264194288 /* Audio */ = {
			isa = PBXGroup;
			children = (
				3C2CA340D36ED0E45D9E5DD4 /* AudioPlayerService.swift */,
			);
			path = Audio;
			sourceTree = "<group>";
		};
		B0148E0A5928D1732774200B /* Shell */ = {
			isa = PBXGroup;
			children = (
				3F8B45383C7D7EEE8E16EF23 /* AppShellHomeFeed.swift */,
				4FDD3C47C372011383FE599B /* AppShellMusicLibrary.swift */,
				CE3C854D8A9A0DEB75377DBB /* AppShellNowPlayingPreviews.swift */,
				0EEB7C2901DB1EB5E13D6DAD /* AppShellSearch.swift */,
				2DD6539B6B17562C311A3A55 /* AppShellTab.swift */,
				9963A1C1E14528B4564B0429 /* AppShellView.swift */,
				BDE602D029FF80028FA7B01F /* MiniPlayerView.swift */,
				1146CB13D6A0D8D1321E1E7D /* MusicDiscoveryViews.swift */,
				22F23CFECE9B4BD12655FE68 /* ShellChromeViews.swift */,
			);
			path = Shell;
			sourceTree = "<group>";
		};
		B8F3E1AA94B0B65707E90305 /* UI */ = {
			isa = PBXGroup;
			children = (
				C016C1DBED538A066A92DC60 /* AvradioTheme.swift */,
				742BB71F49A27AA9014E9462 /* InAppBrowserView.swift */,
				DD59F5C58CDA836BE0C2F465 /* StationArtworkView.swift */,
			);
			path = UI;
			sourceTree = "<group>";
		};
		DDAD8FCBC9B44AA762650D6A /* Models */ = {
			isa = PBXGroup;
			children = (
				D2D896B7DFEF73E858D65B8D /* Station.swift */,
			);
			path = Models;
			sourceTree = "<group>";
		};
		DE91B6B91AE823825E34B0B1 /* Config */ = {
			isa = PBXGroup;
			children = (
				8ED913084AC8D906119907F2 /* Debug.xcconfig */,
				92FD5B14198ADF365BEB0533 /* Release.xcconfig */,
			);
			path = Config;
			sourceTree = "<group>";
		};
		E49A99E52F057B6600BBE762 /* Resources */ = {
			isa = PBXGroup;
			children = (
				660122FCDABDC467AF9E4B75 /* Localizable.strings */,
			);
			path = Resources;
			sourceTree = "<group>";
		};
		E9127CBA8FDE165DCE335372 /* Avradio */ = {
			isa = PBXGroup;
			children = (
				2B37C1A75AE500EB1EBE24B1 /* App */,
				1A5FCA50FDAAA9C9BBDAEF52 /* Core */,
				2E66B892D2CF33FA2DB2337A /* Features */,
				DDAD8FCBC9B44AA762650D6A /* Models */,
				E49A99E52F057B6600BBE762 /* Resources */,
				B8F3E1AA94B0B65707E90305 /* UI */,
			);
			path = Avradio;
			sourceTree = "<group>";
		};
		F9C414506AF407B6C874268A /* Networking */ = {
			isa = PBXGroup;
			children = (
				9E81974F9073EE03756AAA42 /* NowPlayingService.swift */,
				FE8B90DE206EB81665E13922 /* StationService.swift */,
				5E6F367B3C242F23358C3481 /* TrackArtworkService.swift */,
			);
			path = Networking;
			sourceTree = "<group>";
		};
/* End PBXGroup section */

/* Begin PBXNativeTarget section */
		1A96B76F12706D83FE58F9F6 /* AvradioTests */ = {
			isa = PBXNativeTarget;
			buildConfigurationList = 071BEF999022E151622F9733 /* Build configuration list for PBXNativeTarget "AvradioTests" */;
			buildPhases = (
				BF505F65B57FCBA6AF162A76 /* Sources */,
			);
			buildRules = (
			);
			dependencies = (
				612168ADE4CF0540436B582B /* PBXTargetDependency */,
			);
			name = AvradioTests;
			packageProductDependencies = (
			);
			productName = AvradioTests;
			productReference = 8D480E7102AF804225485A28 /* AvradioTests.xctest */;
			productType = "com.apple.product-type.bundle.unit-test";
		};
		7BB45ABB8BA9554531085FD8 /* AvradioUITests */ = {
			isa = PBXNativeTarget;
			buildConfigurationList = 2E782EDDC7A78EF2F37543A8 /* Build configuration list for PBXNativeTarget "AvradioUITests" */;
			buildPhases = (
				AFAB2C3B7372D4417036A7FB /* Sources */,
			);
			buildRules = (
			);
			dependencies = (
				F01A8328F49CF6FCAA5BEAE1 /* PBXTargetDependency */,
			);
			name = AvradioUITests;
			packageProductDependencies = (
			);
			productName = AvradioUITests;
			productReference = A98A6A4C267847AE735CFD3D /* AvradioUITests.xctest */;
			productType = "com.apple.product-type.bundle.ui-testing";
		};
		D01DB292991CE2CFDF807431 /* Avradio */ = {
			isa = PBXNativeTarget;
			buildConfigurationList = 32AC54319A1641139B4C5E7D /* Build configuration list for PBXNativeTarget "Avradio" */;
			buildPhases = (
				A040FD1F19EBB457E50D9988 /* Sources */,
				855C64277E1304973C7626C5 /* Resources */,
				DCDF036F76F88BB0C425E0D8 /* Frameworks */,
			);
			buildRules = (
			);
			dependencies = (
			);
			name = Avradio;
			packageProductDependencies = (
				F17C3145DAD23B00F9300C1B /* ClerkKit */,
				E1F052422F5AB9B037F306BF /* ClerkKitUI */,
			);
			productName = Avradio;
			productReference = A4D0BF09BB2D82A4D0BEF5CC /* Avradio.app */;
			productType = "com.apple.product-type.application";
		};
/* End PBXNativeTarget section */

/* Begin PBXProject section */
		1E50635D2629DAD7374CBFDE /* Project object */ = {
			isa = PBXProject;
			attributes = {
				BuildIndependentTargetsInParallel = YES;
				LastUpgradeCheck = 1600;
				TargetAttributes = {
					7BB45ABB8BA9554531085FD8 = {
						TestTargetID = D01DB292991CE2CFDF807431;
					};
					D01DB292991CE2CFDF807431 = {
						DevelopmentTeam = "";
					};
				};
			};
			buildConfigurationList = 56D8D81B3628E529B9FFF143 /* Build configuration list for PBXProject "Avradio" */;
			developmentRegion = en;
			hasScannedForEncodings = 0;
			knownRegions = (
				Base,
				ca,
				de,
				en,
				es,
				fr,
			);
			mainGroup = 1B3C05F2D687BB42B06E2BA6;
			minimizedProjectReferenceProxies = 1;
			packageReferences = (
				F03196058124CFCE3AD8CDF6 /* XCRemoteSwiftPackageReference "clerk-ios" */,
			);
			preferredProjectObjectVersion = 77;
			productRefGroup = 3EAA71F0FB3D7C7B3382234A /* Products */;
			projectDirPath = "";
			projectRoot = "";
			targets = (
				D01DB292991CE2CFDF807431 /* Avradio */,
				1A96B76F12706D83FE58F9F6 /* AvradioTests */,
				7BB45ABB8BA9554531085FD8 /* AvradioUITests */,
			);
		};
/* End PBXProject section */

/* Begin PBXResourcesBuildPhase section */
		855C64277E1304973C7626C5 /* Resources */ = {
			isa = PBXResourcesBuildPhase;
			buildActionMask = 2147483647;
			files = (
				A3544B62F7BBD9430B8C1B1A /* Assets.xcassets in Resources */,
				8A3890458DEB15E61E43CCA0 /* Localizable.strings in Resources */,
			);
			runOnlyForDeploymentPostprocessing = 0;
		};
/* End PBXResourcesBuildPhase section */

/* Begin PBXSourcesBuildPhase section */
		A040FD1F19EBB457E50D9988 /* Sources */ = {
			isa = PBXSourcesBuildPhase;
			buildActionMask = 2147483647;
			files = (
				1E99EC0A3AE4FCEF48807340 /* AVAppsAPIClient.swift in Sources */,
				51CE379CFC22F600026763D4 /* AVAppsAccountService.swift in Sources */,
				CBDEEF00C656921EC3F43657 /* AVRadioAccessPolicy.swift in Sources */,
				7C6BE9FAA388A9D589FAAE2F /* AVRadioAppDataService.swift in Sources */,
				AA806E6147179B4E5FE845F0 /* AVRadioCollectionRules.swift in Sources */,
				0126B950870EE79209996C5E /* AVRadioCountry.swift in Sources */,
				32BE2CAB7BC4820907408472 /* AVRadioDateCoding.swift in Sources */,
				6CF4068D6610786625AD6913 /* AVRadioDiscoveredTrackSupport.swift in Sources */,
				0E1CC3B20DE4C12661192283 /* AVRadioEighties80sNowPlaying.swift in Sources */,
				43ED8BA579025206691FAC1A /* AVRadioExternalSearchURL.swift in Sources */,
				AFD966F470E78D854C1D0997 /* AVRadioLibrarySync.swift in Sources */,
				F344E49B1C7A1C29D3886467 /* AVRadioStation.swift in Sources */,
				2B2F3E8040E1C1EDC55FEC7A /* AVRadioStationService.swift in Sources */,
				30F006EC0228E92B0B692765 /* AVRadioText.swift in Sources */,
				C249B270C53A6F4402B5A8A5 /* AVRadioTrackArtworkService.swift in Sources */,
				0E0EB0EF7C1C18EDA96B4BA9 /* AVRadioTrackMetadata.swift in Sources */,
				AF4C9BB353A832A74E9620AB /* AccessController.swift in Sources */,
				28F365CC26C9AA05C559EAB9 /* AccessMode.swift in Sources */,
				7DF7D854F244258532E4AA78 /* AppConfig.swift in Sources */,
				A796D60659D97FAEDB227176 /* AppShellHomeFeed.swift in Sources */,
				C4FE3FB819134133756C9CAC /* AppShellMusicLibrary.swift in Sources */,
				F78F8A98D39907FACD7BF269 /* AppShellNowPlayingPreviews.swift in Sources */,
				BCC64DC73CB9E711E679DDA4 /* AppShellSearch.swift in Sources */,
				8C602D718EA8E4901BEC5C17 /* AppShellTab.swift in Sources */,
				A0F80C9A9AAD44CEEAD4D9C9 /* AppShellView.swift in Sources */,
				09D875E93270F39DD13FFF68 /* AudioPlayerService.swift in Sources */,
				36B0C9480D52616C1E761C3C /* AuthOnboardingView.swift in Sources */,
				0C799CBD3726544A4D341687 /* AvradioApp.swift in Sources */,
				7AEAEF5CE8E9E4837D9552E8 /* AvradioSplashView.swift in Sources */,
				D9BD317D031267C3579E1AB0 /* AvradioTheme.swift in Sources */,
				06F16846E351934585748EFC /* EntitlementService.swift in Sources */,
				E9E9B9428B72579C7CFC5DDD /* InAppBrowserView.swift in Sources */,
				DD3AC279849D5316CC602250 /* L10n.swift in Sources */,
				180F8E48A3E6675B2AFA0129 /* LaunchContext.swift in Sources */,
				916DCB42EFFE8833CE087CCB /* LibraryStore.swift in Sources */,
				1DFAF30F93394403643109BD /* MiniPlayerView.swift in Sources */,
				E8DB3856CEFAE45454EBAF6F /* MusicDiscoveryViews.swift in Sources */,
				328AA80E680681C056D5C1C8 /* NowPlayingService.swift in Sources */,
				B5DD991407F22700885E9BDB /* NowPlayingView.swift in Sources */,
				36CE732939A106FAF37965EB /* PersistenceController.swift in Sources */,
				EA05A24B2F7AFF93E7534B7D /* ProfileScreen.swift in Sources */,
				5643A09C70B5B09760A9EF0A /* RootView.swift in Sources */,
				1211EF9FF32376215FD68F51 /* ShellChromeViews.swift in Sources */,
				E395E769F7F68011264A88A1 /* Station.swift in Sources */,
				B0F4EF08F471979C55B127CE /* StationArtworkView.swift in Sources */,
				1F7CEF563A71B7B47F161E97 /* StationService.swift in Sources */,
				C6C8E5544E478350A479BA51 /* TrackArtworkService.swift in Sources */,
			);
			runOnlyForDeploymentPostprocessing = 0;
		};
		AFAB2C3B7372D4417036A7FB /* Sources */ = {
			isa = PBXSourcesBuildPhase;
			buildActionMask = 2147483647;
			files = (
				52E8BFEB422EA8213DDA85CB /* AvradioUITestCase.swift in Sources */,
				F3909C353F2641867B42B11E /* DiscoveriesUITests.swift in Sources */,
				FD2CB2B4D42D97825E9A929C /* HomeEmptyStateUITests.swift in Sources */,
				39582C64371A315F8CAAB495 /* HomeRefreshUITests.swift in Sources */,
				EE0995F84551EFB3C9C412BE /* HomeUITests.swift in Sources */,
				FC4A61253D954CA8938AD67D /* LimitsUITests.swift in Sources */,
				A63F3687E9933ECC0917A357 /* PlayerQueueUITests.swift in Sources */,
				51C73A8FA4963E37C592B046 /* ProfileUITests.swift in Sources */,
				0EA536E51B9C6A55C13DF752 /* SearchQueueUITests.swift in Sources */,
				A874D995B8D76BD25F091F2E /* StationDetailQueueUITests.swift in Sources */,
			);
			runOnlyForDeploymentPostprocessing = 0;
		};
		BF505F65B57FCBA6AF162A76 /* Sources */ = {
			isa = PBXSourcesBuildPhase;
			buildActionMask = 2147483647;
			files = (
				60F452258FE22FCB671DB640 /* AccessLimitsTests.swift in Sources */,
				4D4C2A1C9F9D43E0A96112B7 /* LibraryStoreTests.swift in Sources */,
				3E668C9CA128B73F1F85CF97 /* SharedAppleSupportTests.swift in Sources */,
			);
			runOnlyForDeploymentPostprocessing = 0;
		};
/* End PBXSourcesBuildPhase section */

/* Begin PBXTargetDependency section */
		612168ADE4CF0540436B582B /* PBXTargetDependency */ = {
			isa = PBXTargetDependency;
			target = D01DB292991CE2CFDF807431 /* Avradio */;
			targetProxy = 274E8C2589BA056051A9CD19 /* PBXContainerItemProxy */;
		};
		F01A8328F49CF6FCAA5BEAE1 /* PBXTargetDependency */ = {
			isa = PBXTargetDependency;
			target = D01DB292991CE2CFDF807431 /* Avradio */;
			targetProxy = 8F3C37C69E089D3A933D62FD /* PBXContainerItemProxy */;
		};
/* End PBXTargetDependency section */

/* Begin PBXVariantGroup section */
		660122FCDABDC467AF9E4B75 /* Localizable.strings */ = {
			isa = PBXVariantGroup;
			children = (
				972A6787B144C38F8D5CC16B /* ca */,
				A129EFAD7B127FCE4517F754 /* de */,
				5F8142B9602D1D389AD8DA75 /* en */,
				CF9C84B8884B01BF507AA9BC /* es */,
				D72108AFC70F116E11B6B990 /* fr */,
			);
			name = Localizable.strings;
			sourceTree = "<group>";
		};
/* End PBXVariantGroup section */

/* Begin XCBuildConfiguration section */
		1398A349A97323A8D34476DF /* Release */ = {
			isa = XCBuildConfiguration;
			buildSettings = {
				BUNDLE_LOADER = "$(TEST_HOST)";
				GENERATE_INFOPLIST_FILE = YES;
				LD_RUNPATH_SEARCH_PATHS = (
					"$(inherited)",
					"@executable_path/Frameworks",
					"@loader_path/Frameworks",
				);
				PRODUCT_BUNDLE_IDENTIFIER = "$(AVRADIO_BUNDLE_IDENTIFIER).tests";
				PRODUCT_MODULE_NAME = AvradioTests;
				SDKROOT = iphoneos;
				TARGETED_DEVICE_FAMILY = 1;
				TEST_HOST = "$(BUILT_PRODUCTS_DIR)/Avradio.app/$(BUNDLE_EXECUTABLE_FOLDER_PATH)/Avradio";
			};
			name = Release;
		};
		238DBAED4AE7B04802781AE0 /* Debug */ = {
			isa = XCBuildConfiguration;
			buildSettings = {
				BUNDLE_LOADER = "$(TEST_HOST)";
				GENERATE_INFOPLIST_FILE = YES;
				LD_RUNPATH_SEARCH_PATHS = (
					"$(inherited)",
					"@executable_path/Frameworks",
					"@loader_path/Frameworks",
				);
				PRODUCT_BUNDLE_IDENTIFIER = "$(AVRADIO_BUNDLE_IDENTIFIER).tests";
				PRODUCT_MODULE_NAME = AvradioTests;
				SDKROOT = iphoneos;
				TARGETED_DEVICE_FAMILY = 1;
				TEST_HOST = "$(BUILT_PRODUCTS_DIR)/Avradio.app/$(BUNDLE_EXECUTABLE_FOLDER_PATH)/Avradio";
			};
			name = Debug;
		};
		678E5DA35342986F7FF0DEF5 /* Debug */ = {
			isa = XCBuildConfiguration;
			buildSettings = {
				ALWAYS_SEARCH_USER_PATHS = NO;
				CLANG_ANALYZER_NONNULL = YES;
				CLANG_ANALYZER_NUMBER_OBJECT_CONVERSION = YES_AGGRESSIVE;
				CLANG_CXX_LANGUAGE_STANDARD = "gnu++14";
				CLANG_CXX_LIBRARY = "libc++";
				CLANG_ENABLE_MODULES = YES;
				CLANG_ENABLE_OBJC_ARC = YES;
				CLANG_ENABLE_OBJC_WEAK = YES;
				CLANG_WARN_BLOCK_CAPTURE_AUTORELEASING = YES;
				CLANG_WARN_BOOL_CONVERSION = YES;
				CLANG_WARN_COMMA = YES;
				CLANG_WARN_CONSTANT_CONVERSION = YES;
				CLANG_WARN_DEPRECATED_OBJC_IMPLEMENTATIONS = YES;
				CLANG_WARN_DIRECT_OBJC_ISA_USAGE = YES_ERROR;
				CLANG_WARN_DOCUMENTATION_COMMENTS = YES;
				CLANG_WARN_EMPTY_BODY = YES;
				CLANG_WARN_ENUM_CONVERSION = YES;
				CLANG_WARN_INFINITE_RECURSION = YES;
				CLANG_WARN_INT_CONVERSION = YES;
				CLANG_WARN_NON_LITERAL_NULL_CONVERSION = YES;
				CLANG_WARN_OBJC_IMPLICIT_RETAIN_SELF = YES;
				CLANG_WARN_OBJC_LITERAL_CONVERSION = YES;
				CLANG_WARN_OBJC_ROOT_CLASS = YES_ERROR;
				CLANG_WARN_QUOTED_INCLUDE_IN_FRAMEWORK_HEADER = YES;
				CLANG_WARN_RANGE_LOOP_ANALYSIS = YES;
				CLANG_WARN_STRICT_PROTOTYPES = YES;
				CLANG_WARN_SUSPICIOUS_MOVE = YES;
				CLANG_WARN_UNGUARDED_AVAILABILITY = YES_AGGRESSIVE;
				CLANG_WARN_UNREACHABLE_CODE = YES;
				CLANG_WARN__DUPLICATE_METHOD_MATCH = YES;
				COPY_PHASE_STRIP = NO;
				DEBUG_INFORMATION_FORMAT = dwarf;
				DEVELOPMENT_LANGUAGE = en;
				ENABLE_STRICT_OBJC_MSGSEND = YES;
				ENABLE_TESTABILITY = YES;
				GCC_C_LANGUAGE_STANDARD = gnu11;
				GCC_DYNAMIC_NO_PIC = NO;
				GCC_NO_COMMON_BLOCKS = YES;
				GCC_OPTIMIZATION_LEVEL = 0;
				GCC_PREPROCESSOR_DEFINITIONS = (
					"$(inherited)",
					"DEBUG=1",
				);
				GCC_WARN_64_TO_32_BIT_CONVERSION = YES;
				GCC_WARN_ABOUT_RETURN_TYPE = YES_ERROR;
				GCC_WARN_UNDECLARED_SELECTOR = YES;
				GCC_WARN_UNINITIALIZED_AUTOS = YES_AGGRESSIVE;
				GCC_WARN_UNUSED_FUNCTION = YES;
				GCC_WARN_UNUSED_VARIABLE = YES;
				IPHONEOS_DEPLOYMENT_TARGET = 18.0;
				MTL_ENABLE_DEBUG_INFO = INCLUDE_SOURCE;
				MTL_FAST_MATH = YES;
				ONLY_ACTIVE_ARCH = YES;
				PRODUCT_NAME = Avradio;
				SDKROOT = iphoneos;
				SWIFT_ACTIVE_COMPILATION_CONDITIONS = DEBUG;
				SWIFT_OPTIMIZATION_LEVEL = "-Onone";
				SWIFT_VERSION = 6.0;
			};
			name = Debug;
		};
		8B85F0CF29678A0AFE7247BB /* Debug */ = {
			isa = XCBuildConfiguration;
			buildSettings = {
				BUNDLE_LOADER = "$(TEST_HOST)";
				GENERATE_INFOPLIST_FILE = YES;
				LD_RUNPATH_SEARCH_PATHS = (
					"$(inherited)",
					"@executable_path/Frameworks",
					"@loader_path/Frameworks",
				);
				PRODUCT_BUNDLE_IDENTIFIER = "$(PRODUCT_BUNDLE_IDENTIFIER).uitests";
				PRODUCT_MODULE_NAME = AvradioUITests;
				SDKROOT = iphoneos;
				TARGETED_DEVICE_FAMILY = 1;
				TEST_TARGET_NAME = Avradio;
			};
			name = Debug;
		};
		944CEC68B82D0246DD301986 /* Debug */ = {
			isa = XCBuildConfiguration;
			baseConfigurationReference = 8ED913084AC8D906119907F2 /* Debug.xcconfig */;
			buildSettings = {
				ASSETCATALOG_COMPILER_APPICON_NAME = AppIcon;
				CODE_SIGN_ENTITLEMENTS = Avradio/App/Avradio.entitlements;
				CODE_SIGN_IDENTITY = "iPhone Developer";
				DEVELOPMENT_TEAM = "";
				GENERATE_INFOPLIST_FILE = NO;
				INFOPLIST_FILE = Avradio/App/Info.plist;
				LD_RUNPATH_SEARCH_PATHS = (
					"$(inherited)",
					"@executable_path/Frameworks",
				);
				PRODUCT_BUNDLE_IDENTIFIER = "$(PRODUCT_BUNDLE_IDENTIFIER)";
				SDKROOT = iphoneos;
				SUPPORTS_MACCATALYST = NO;
				TARGETED_DEVICE_FAMILY = 1;
			};
			name = Debug;
		};
		C14A0234EA4920A38E0129EE /* Release */ = {
			isa = XCBuildConfiguration;
			buildSettings = {
				ALWAYS_SEARCH_USER_PATHS = NO;
				CLANG_ANALYZER_NONNULL = YES;
				CLANG_ANALYZER_NUMBER_OBJECT_CONVERSION = YES_AGGRESSIVE;
				CLANG_CXX_LANGUAGE_STANDARD = "gnu++14";
				CLANG_CXX_LIBRARY = "libc++";
				CLANG_ENABLE_MODULES = YES;
				CLANG_ENABLE_OBJC_ARC = YES;
				CLANG_ENABLE_OBJC_WEAK = YES;
				CLANG_WARN_BLOCK_CAPTURE_AUTORELEASING = YES;
				CLANG_WARN_BOOL_CONVERSION = YES;
				CLANG_WARN_COMMA = YES;
				CLANG_WARN_CONSTANT_CONVERSION = YES;
				CLANG_WARN_DEPRECATED_OBJC_IMPLEMENTATIONS = YES;
				CLANG_WARN_DIRECT_OBJC_ISA_USAGE = YES_ERROR;
				CLANG_WARN_DOCUMENTATION_COMMENTS = YES;
				CLANG_WARN_EMPTY_BODY = YES;
				CLANG_WARN_ENUM_CONVERSION = YES;
				CLANG_WARN_INFINITE_RECURSION = YES;
				CLANG_WARN_INT_CONVERSION = YES;
				CLANG_WARN_NON_LITERAL_NULL_CONVERSION = YES;
				CLANG_WARN_OBJC_IMPLICIT_RETAIN_SELF = YES;
				CLANG_WARN_OBJC_LITERAL_CONVERSION = YES;
				CLANG_WARN_OBJC_ROOT_CLASS = YES_ERROR;
				CLANG_WARN_QUOTED_INCLUDE_IN_FRAMEWORK_HEADER = YES;
				CLANG_WARN_RANGE_LOOP_ANALYSIS = YES;
				CLANG_WARN_STRICT_PROTOTYPES = YES;
				CLANG_WARN_SUSPICIOUS_MOVE = YES;
				CLANG_WARN_UNGUARDED_AVAILABILITY = YES_AGGRESSIVE;
				CLANG_WARN_UNREACHABLE_CODE = YES;
				CLANG_WARN__DUPLICATE_METHOD_MATCH = YES;
				COPY_PHASE_STRIP = NO;
				DEBUG_INFORMATION_FORMAT = "dwarf-with-dsym";
				DEVELOPMENT_LANGUAGE = en;
				ENABLE_NS_ASSERTIONS = NO;
				ENABLE_STRICT_OBJC_MSGSEND = YES;
				GCC_C_LANGUAGE_STANDARD = gnu11;
				GCC_NO_COMMON_BLOCKS = YES;
				GCC_WARN_64_TO_32_BIT_CONVERSION = YES;
				GCC_WARN_ABOUT_RETURN_TYPE = YES_ERROR;
				GCC_WARN_UNDECLARED_SELECTOR = YES;
				GCC_WARN_UNINITIALIZED_AUTOS = YES_AGGRESSIVE;
				GCC_WARN_UNUSED_FUNCTION = YES;
				GCC_WARN_UNUSED_VARIABLE = YES;
				IPHONEOS_DEPLOYMENT_TARGET = 18.0;
				MTL_ENABLE_DEBUG_INFO = NO;
				MTL_FAST_MATH = YES;
				PRODUCT_NAME = Avradio;
				SDKROOT = iphoneos;
				SWIFT_COMPILATION_MODE = wholemodule;
				SWIFT_OPTIMIZATION_LEVEL = "-O";
				SWIFT_VERSION = 6.0;
			};
			name = Release;
		};
		D8EA32595B8A0F7E0BEB6389 /* Release */ = {
			isa = XCBuildConfiguration;
			buildSettings = {
				BUNDLE_LOADER = "$(TEST_HOST)";
				GENERATE_INFOPLIST_FILE = YES;
				LD_RUNPATH_SEARCH_PATHS = (
					"$(inherited)",
					"@executable_path/Frameworks",
					"@loader_path/Frameworks",
				);
				PRODUCT_BUNDLE_IDENTIFIER = "$(PRODUCT_BUNDLE_IDENTIFIER).uitests";
				PRODUCT_MODULE_NAME = AvradioUITests;
				SDKROOT = iphoneos;
				TARGETED_DEVICE_FAMILY = 1;
				TEST_TARGET_NAME = Avradio;
			};
			name = Release;
		};
		EEAD5103A90E803E469E0CE8 /* Release */ = {
			isa = XCBuildConfiguration;
			baseConfigurationReference = 92FD5B14198ADF365BEB0533 /* Release.xcconfig */;
			buildSettings = {
				ASSETCATALOG_COMPILER_APPICON_NAME = AppIcon;
				CODE_SIGN_ENTITLEMENTS = Avradio/App/Avradio.entitlements;
				CODE_SIGN_IDENTITY = "iPhone Developer";
				DEVELOPMENT_TEAM = "";
				GENERATE_INFOPLIST_FILE = NO;
				INFOPLIST_FILE = Avradio/App/Info.plist;
				LD_RUNPATH_SEARCH_PATHS = (
					"$(inherited)",
					"@executable_path/Frameworks",
				);
				PRODUCT_BUNDLE_IDENTIFIER = "$(PRODUCT_BUNDLE_IDENTIFIER)";
				SDKROOT = iphoneos;
				SUPPORTS_MACCATALYST = NO;
				TARGETED_DEVICE_FAMILY = 1;
			};
			name = Release;
		};
/* End XCBuildConfiguration section */

/* Begin XCConfigurationList section */
		071BEF999022E151622F9733 /* Build configuration list for PBXNativeTarget "AvradioTests" */ = {
			isa = XCConfigurationList;
			buildConfigurations = (
				238DBAED4AE7B04802781AE0 /* Debug */,
				1398A349A97323A8D34476DF /* Release */,
			);
			defaultConfigurationIsVisible = 0;
			defaultConfigurationName = Debug;
		};
		2E782EDDC7A78EF2F37543A8 /* Build configuration list for PBXNativeTarget "AvradioUITests" */ = {
			isa = XCConfigurationList;
			buildConfigurations = (
				8B85F0CF29678A0AFE7247BB /* Debug */,
				D8EA32595B8A0F7E0BEB6389 /* Release */,
			);
			defaultConfigurationIsVisible = 0;
			defaultConfigurationName = Debug;
		};
		32AC54319A1641139B4C5E7D /* Build configuration list for PBXNativeTarget "Avradio" */ = {
			isa = XCConfigurationList;
			buildConfigurations = (
				944CEC68B82D0246DD301986 /* Debug */,
				EEAD5103A90E803E469E0CE8 /* Release */,
			);
			defaultConfigurationIsVisible = 0;
			defaultConfigurationName = Debug;
		};
		56D8D81B3628E529B9FFF143 /* Build configuration list for PBXProject "Avradio" */ = {
			isa = XCConfigurationList;
			buildConfigurations = (
				678E5DA35342986F7FF0DEF5 /* Debug */,
				C14A0234EA4920A38E0129EE /* Release */,
			);
			defaultConfigurationIsVisible = 0;
			defaultConfigurationName = Debug;
		};
/* End XCConfigurationList section */

/* Begin XCRemoteSwiftPackageReference section */
		F03196058124CFCE3AD8CDF6 /* XCRemoteSwiftPackageReference "clerk-ios" */ = {
			isa = XCRemoteSwiftPackageReference;
			repositoryURL = "https://github.com/clerk/clerk-ios";
			requirement = {
				kind = upToNextMajorVersion;
				minimumVersion = 1.0.0;
			};
		};
/* End XCRemoteSwiftPackageReference section */

/* Begin XCSwiftPackageProductDependency section */
		E1F052422F5AB9B037F306BF /* ClerkKitUI */ = {
			isa = XCSwiftPackageProductDependency;
			package = F03196058124CFCE3AD8CDF6 /* XCRemoteSwiftPackageReference "clerk-ios" */;
			productName = ClerkKitUI;
		};
		F17C3145DAD23B00F9300C1B /* ClerkKit */ = {
			isa = XCSwiftPackageProductDependency;
			package = F03196058124CFCE3AD8CDF6 /* XCRemoteSwiftPackageReference "clerk-ios" */;
			productName = ClerkKit;
		};
/* End XCSwiftPackageProductDependency section */
	};
	rootObject = 1E50635D2629DAD7374CBFDE /* Project object */;
}
